// !$*UTF8*$!
{
	archiveVersion = 1;
	classes = {
	};
	objectVersion = 46;
	objects = {

/* Begin PBXBuildFile section */
		D45D73291D6F832600C4531B /* LineSparkLineView.swift in Sources */ = {isa = PBXBuildFile; fileRef = D45D73281D6F832600C4531B /* LineSparkLineView.swift */; };
		D45D732B1D6F837800C4531B /* WhiskerSparkLineView.swift in Sources */ = {isa = PBXBuildFile; fileRef = D45D732A1D6F837800C4531B /* WhiskerSparkLineView.swift */; };
		D45D732D1D71B92200C4531B /* baseball_data.txt in Resources */ = {isa = PBXBuildFile; fileRef = D45D732C1D71B92200C4531B /* baseball_data.txt */; };
		D45D732F1D72664700C4531B /* SparkLineViewProtocol.swift in Sources */ = {isa = PBXBuildFile; fileRef = D45D732E1D72664700C4531B /* SparkLineViewProtocol.swift */; };
		D497E9AD1D6D1C37004CD872 /* AppDelegate.swift in Sources */ = {isa = PBXBuildFile; fileRef = D497E9AC1D6D1C37004CD872 /* AppDelegate.swift */; };
		D497E9AF1D6D1C37004CD872 /* ViewController.swift in Sources */ = {isa = PBXBuildFile; fileRef = D497E9AE1D6D1C37004CD872 /* ViewController.swift */; };
		D497E9B21D6D1C37004CD872 /* Main.storyboard in Resources */ = {isa = PBXBuildFile; fileRef = D497E9B01D6D1C37004CD872 /* Main.storyboard */; };
		D497E9B41D6D1C37004CD872 /* Assets.xcassets in Resources */ = {isa = PBXBuildFile; fileRef = D497E9B31D6D1C37004CD872 /* Assets.xcassets */; };
		D497E9B71D6D1C37004CD872 /* LaunchScreen.storyboard in Resources */ = {isa = PBXBuildFile; fileRef = D497E9B51D6D1C37004CD872 /* LaunchScreen.storyboard */; };
		D497E9BF1D6D1F57004CD872 /* SparkLineView.swift in Sources */ = {isa = PBXBuildFile; fileRef = D497E9BE1D6D1F57004CD872 /* SparkLineView.swift */; };
		D497E9C31D6D2956004CD872 /* glucose_data.txt in Resources */ = {isa = PBXBuildFile; fileRef = D497E9C01D6D2956004CD872 /* glucose_data.txt */; };
		D497E9C41D6D2956004CD872 /* heartRate_data.txt in Resources */ = {isa = PBXBuildFile; fileRef = D497E9C11D6D2956004CD872 /* heartRate_data.txt */; };
		D497E9C51D6D2956004CD872 /* temperature_data.txt in Resources */ = {isa = PBXBuildFile; fileRef = D497E9C21D6D2956004CD872 /* temperature_data.txt */; };
/* End PBXBuildFile section */

/* Begin PBXFileReference section */
		D45D73281D6F832600C4531B /* LineSparkLineView.swift */ = {isa = PBXFileReference; fileEncoding = 4; lastKnownFileType = sourcecode.swift; path = LineSparkLineView.swift; sourceTree = "<group>"; };
		D45D732A1D6F837800C4531B /* WhiskerSparkLineView.swift */ = {isa = PBXFileReference; fileEncoding = 4; lastKnownFileType = sourcecode.swift; path = WhiskerSparkLineView.swift; sourceTree = "<group>"; };
		D45D732C1D71B92200C4531B /* baseball_data.txt */ = {isa = PBXFileReference; fileEncoding = 4; lastKnownFileType = text; path = baseball_data.txt; sourceTree = "<group>"; };
		D45D732E1D72664700C4531B /* SparkLineViewProtocol.swift */ = {isa = PBXFileReference; fileEncoding = 4; lastKnownFileType = sourcecode.swift; path = SparkLineViewProtocol.swift; sourceTree = "<group>"; };
		D497E9A91D6D1C37004CD872 /* sparklines.app */ = {isa = PBXFileReference; explicitFileType = wrapper.application; includeInIndex = 0; path = sparklines.app; sourceTree = BUILT_PRODUCTS_DIR; };
		D497E9AC1D6D1C37004CD872 /* AppDelegate.swift */ = {isa = PBXFileReference; lastKnownFileType = sourcecode.swift; path = AppDelegate.swift; sourceTree = "<group>"; };
		D497E9AE1D6D1C37004CD872 /* ViewController.swift */ = {isa = PBXFileReference; lastKnownFileType = sourcecode.swift; path = ViewController.swift; sourceTree = "<group>"; };
		D497E9B11D6D1C37004CD872 /* Base */ = {isa = PBXFileReference; lastKnownFileType = file.storyboard; name = Base; path = Base.lproj/Main.storyboard; sourceTree = "<group>"; };
		D497E9B31D6D1C37004CD872 /* Assets.xcassets */ = {isa = PBXFileReference; lastKnownFileType = folder.assetcatalog; path = Assets.xcassets; sourceTree = "<group>"; };
		D497E9B61D6D1C37004CD872 /* Base */ = {isa = PBXFileReference; lastKnownFileType = file.storyboard; name = Base; path = Base.lproj/LaunchScreen.storyboard; sourceTree = "<group>"; };
		D497E9B81D6D1C37004CD872 /* Info.plist */ = {isa = PBXFileReference; lastKnownFileType = text.plist.xml; path = Info.plist; sourceTree = "<group>"; };
		D497E9BE1D6D1F57004CD872 /* SparkLineView.swift */ = {isa = PBXFileReference; fileEncoding = 4; lastKnownFileType = sourcecode.swift; path = SparkLineView.swift; sourceTree = "<group>"; };
		D497E9C01D6D2956004CD872 /* glucose_data.txt */ = {isa = PBXFileReference; fileEncoding = 4; lastKnownFileType = text; path = glucose_data.txt; sourceTree = "<group>"; };
		D497E9C11D6D2956004CD872 /* heartRate_data.txt */ = {isa = PBXFileReference; fileEncoding = 4; lastKnownFileType = text; path = heartRate_data.txt; sourceTree = "<group>"; };
		D497E9C21D6D2956004CD872 /* temperature_data.txt */ = {isa = PBXFileReference; fileEncoding = 4; lastKnownFileType = text; path = temperature_data.txt; sourceTree = "<group>"; };
/* End PBXFileReference section */

/* Begin PBXFrameworksBuildPhase section */
		D497E9A61D6D1C37004CD872 /* Frameworks */ = {
			isa = PBXFrameworksBuildPhase;
			buildActionMask = 2147483647;
			files = (
			);
			runOnlyForDeploymentPostprocessing = 0;
		};
/* End PBXFrameworksBuildPhase section */

/* Begin PBXGroup section */
		D497E9A01D6D1C37004CD872 = {
			isa = PBXGroup;
			children = (
				D497E9AB1D6D1C37004CD872 /* sparklines */,
				D497E9AA1D6D1C37004CD872 /* Products */,
			);
			sourceTree = "<group>";
		};
		D497E9AA1D6D1C37004CD872 /* Products */ = {
			isa = PBXGroup;
			children = (
				D497E9A91D6D1C37004CD872 /* sparklines.app */,
			);
			name = Products;
			sourceTree = "<group>";
		};
		D497E9AB1D6D1C37004CD872 /* sparklines */ = {
			isa = PBXGroup;
			children = (
				D497E9AC1D6D1C37004CD872 /* AppDelegate.swift */,
				D497E9AE1D6D1C37004CD872 /* ViewController.swift */,
				D45D732E1D72664700C4531B /* SparkLineViewProtocol.swift */,
				D497E9BE1D6D1F57004CD872 /* SparkLineView.swift */,
				D45D73281D6F832600C4531B /* LineSparkLineView.swift */,
				D45D732A1D6F837800C4531B /* WhiskerSparkLineView.swift */,
				D497E9B01D6D1C37004CD872 /* Main.storyboard */,
				D497E9B31D6D1C37004CD872 /* Assets.xcassets */,
				D497E9B51D6D1C37004CD872 /* LaunchScreen.storyboard */,
				D45D732C1D71B92200C4531B /* baseball_data.txt */,
				D497E9C01D6D2956004CD872 /* glucose_data.txt */,
				D497E9C11D6D2956004CD872 /* heartRate_data.txt */,
				D497E9C21D6D2956004CD872 /* temperature_data.txt */,
				D497E9B81D6D1C37004CD872 /* Info.plist */,
			);
			path = sparklines;
			sourceTree = "<group>";
		};
/* End PBXGroup section */

/* Begin PBXNativeTarget section */
		D497E9A81D6D1C37004CD872 /* sparklines */ = {
			isa = PBXNativeTarget;
			buildConfigurationList = D497E9BB1D6D1C37004CD872 /* Build configuration list for PBXNativeTarget "sparklines" */;
			buildPhases = (
				D497E9A51D6D1C37004CD872 /* Sources */,
				D497E9A61D6D1C37004CD872 /* Frameworks */,
				D497E9A71D6D1C37004CD872 /* Resources */,
			);
			buildRules = (
			);
			dependencies = (
			);
			name = sparklines;
			productName = sparklines;
			productReference = D497E9A91D6D1C37004CD872 /* sparklines.app */;
			productType = "com.apple.product-type.application";
		};
/* End PBXNativeTarget section */

/* Begin PBXProject section */
		D497E9A11D6D1C37004CD872 /* Project object */ = {
			isa = PBXProject;
			attributes = {
				LastSwiftUpdateCheck = 0730;
				LastUpgradeCheck = 0730;
				ORGANIZATIONNAME = "Revelux Labs LLC";
				TargetAttributes = {
					D497E9A81D6D1C37004CD872 = {
						CreatedOnToolsVersion = 7.3.1;
					};
				};
			};
			buildConfigurationList = D497E9A41D6D1C37004CD872 /* Build configuration list for PBXProject "sparklines" */;
			compatibilityVersion = "Xcode 3.2";
			developmentRegion = English;
			hasScannedForEncodings = 0;
			knownRegions = (
				en,
				Base,
			);
			mainGroup = D497E9A01D6D1C37004CD872;
			productRefGroup = D497E9AA1D6D1C37004CD872 /* Products */;
			projectDirPath = "";
			projectRoot = "";
			targets = (
				D497E9A81D6D1C37004CD872 /* sparklines */,
			);
		};
/* End PBXProject section */

/* Begin PBXResourcesBuildPhase section */
		D497E9A71D6D1C37004CD872 /* Resources */ = {
			isa = PBXResourcesBuildPhase;
			buildActionMask = 2147483647;
			files = (
				D497E9B71D6D1C37004CD872 /* LaunchScreen.storyboard in Resources */,
				D497E9C41D6D2956004CD872 /* heartRate_data.txt in Resources */,
				D497E9C31D6D2956004CD872 /* glucose_data.txt in Resources */,
				D497E9C51D6D2956004CD872 /* temperature_data.txt in Resources */,
				D45D732D1D71B92200C4531B /* baseball_data.txt in Resources */,
				D497E9B41D6D1C37004CD872 /* Assets.xcassets in Resources */,
				D497E9B21D6D1C37004CD872 /* Main.storyboard in Resources */,
			);
			runOnlyForDeploymentPostprocessing = 0;
		};
/* End PBXResourcesBuildPhase section */

/* Begin PBXSourcesBuildPhase section */
		D497E9A51D6D1C37004CD872 /* Sources */ = {
			isa = PBXSourcesBuildPhase;
			buildActionMask = 2147483647;
			files = (
				D497E9AF1D6D1C37004CD872 /* ViewController.swift in Sources */,
				D497E9BF1D6D1F57004CD872 /* SparkLineView.swift in Sources */,
				D45D73291D6F832600C4531B /* LineSparkLineView.swift in Sources */,
				D45D732B1D6F837800C4531B /* WhiskerSparkLineView.swift in Sources */,
				D45D732F1D72664700C4531B /* SparkLineViewProtocol.swift in Sources */,
				D497E9AD1D6D1C37004CD872 /* AppDelegate.swift in Sources */,
			);
			runOnlyForDeploymentPostprocessing = 0;
		};
/* End PBXSourcesBuildPhase section */

/* Begin PBXVariantGroup section */
		D497E9B01D6D1C37004CD872 /* Main.storyboard */ = {
			isa = PBXVariantGroup;
			children = (
				D497E9B11D6D1C37004CD872 /* Base */,
			);
			name = Main.storyboard;
			sourceTree = "<group>";
		};
		D497E9B51D6D1C37004CD872 /* LaunchScreen.storyboard */ = {
			isa = PBXVariantGroup;
			children = (
				D497E9B61D6D1C37004CD872 /* Base */,
			);
			name = LaunchScreen.storyboard;
			sourceTree = "<group>";
		};
/* End PBXVariantGroup section */

/* Begin XCBuildConfiguration section */
		D497E9B91D6D1C37004CD872 /* Debug */ = {
			isa = XCBuildConfiguration;
			buildSettings = {
				ALWAYS_SEARCH_USER_PATHS = NO;
				CLANG_ANALYZER_NONNULL = YES;
				CLANG_CXX_LANGUAGE_STANDARD = "gnu++0x";
				CLANG_CXX_LIBRARY = "libc++";
				CLANG_ENABLE_MODULES = YES;
				CLANG_ENABLE_OBJC_ARC = YES;
				CLANG_WARN_BOOL_CONVERSION = YES;
				CLANG_WARN_CONSTANT_CONVERSION = YES;
				CLANG_WARN_DIRECT_OBJC_ISA_USAGE = YES_ERROR;
				CLANG_WARN_EMPTY_BODY = YES;
				CLANG_WARN_ENUM_CONVERSION = YES;
				CLANG_WARN_INT_CONVERSION = YES;
				CLANG_WARN_OBJC_ROOT_CLASS = YES_ERROR;
				CLANG_WARN_UNREACHABLE_CODE = YES;
				CLANG_WARN__DUPLICATE_METHOD_MATCH = YES;
				"CODE_SIGN_IDENTITY[sdk=iphoneos*]" = "iPhone Developer";
				COPY_PHASE_STRIP = NO;
				DEBUG_INFORMATION_FORMAT = dwarf;
				ENABLE_STRICT_OBJC_MSGSEND = YES;
				ENABLE_TESTABILITY = YES;
				GCC_C_LANGUAGE_STANDARD = gnu99;
				GCC_DYNAMIC_NO_PIC = NO;
				GCC_NO_COMMON_BLOCKS = YES;
				GCC_OPTIMIZATION_LEVEL = 0;
				GCC_PREPROCESSOR_DEFINITIONS = (
					"DEBUG=1",
					"$(inherited)",
				);
				GCC_WARN_64_TO_32_BIT_CONVERSION = YES;
				GCC_WARN_ABOUT_RETURN_TYPE = YES_ERROR;
				GCC_WARN_UNDECLARED_SELECTOR = YES;
				GCC_WARN_UNINITIALIZED_AUTOS = YES_AGGRESSIVE;
				GCC_WARN_UNUSED_FUNCTION = YES;
				GCC_WARN_UNUSED_VARIABLE = YES;
				IPHONEOS_DEPLOYMENT_TARGET = 9.3;
				MTL_ENABLE_DEBUG_INFO = YES;
				ONLY_ACTIVE_ARCH = YES;
				SDKROOT = iphoneos;
				SWIFT_OPTIMIZATION_LEVEL = "-Onone";
			};
			name = Debug;
		};
		D497E9BA1D6D1C37004CD872 /* Release */ = {
			isa = XCBuildConfiguration;
			buildSettings = {
				ALWAYS_SEARCH_USER_PATHS = NO;
				CLANG_ANALYZER_NONNULL = YES;
				CLANG_CXX_LANGUAGE_STANDARD = "gnu++0x";
				CLANG_CXX_LIBRARY = "libc++";
				CLANG_ENABLE_MODULES = YES;
				CLANG_ENABLE_OBJC_ARC = YES;
				CLANG_WARN_BOOL_CONVERSION = YES;
				CLANG_WARN_CONSTANT_CONVERSION = YES;
				CLANG_WARN_DIRECT_OBJC_ISA_USAGE = YES_ERROR;
				CLANG_WARN_EMPTY_BODY = YES;
				CLANG_WARN_ENUM_CONVERSION = YES;
				CLANG_WARN_INT_CONVERSION = YES;
				CLANG_WARN_OBJC_ROOT_CLASS = YES_ERROR;
				CLANG_WARN_UNREACHABLE_CODE = YES;
				CLANG_WARN__DUPLICATE_METHOD_MATCH = YES;
				"CODE_SIGN_IDENTITY[sdk=iphoneos*]" = "iPhone Developer";
				COPY_PHASE_STRIP = NO;
				DEBUG_INFORMATION_FORMAT = "dwarf-with-dsym";
				ENABLE_NS_ASSERTIONS = NO;
				ENABLE_STRICT_OBJC_MSGSEND = YES;
				GCC_C_LANGUAGE_STANDARD = gnu99;
				GCC_NO_COMMON_BLOCKS = YES;
				GCC_WARN_64_TO_32_BIT_CONVERSION = YES;
				GCC_WARN_ABOUT_RETURN_TYPE = YES_ERROR;
				GCC_WARN_UNDECLARED_SELECTOR = YES;
				GCC_WARN_UNINITIALIZED_AUTOS = YES_AGGRESSIVE;
				GCC_WARN_UNUSED_FUNCTION = YES;
				GCC_WARN_UNUSED_VARIABLE = YES;
				IPHONEOS_DEPLOYMENT_TARGET = 9.3;
				MTL_ENABLE_DEBUG_INFO = NO;
				SDKROOT = iphoneos;
				VALIDATE_PRODUCT = YES;
			};
			name = Release;
		};
		D497E9BC1D6D1C37004CD872 /* Debug */ = {
			isa = XCBuildConfiguration;
			buildSettings = {
				ASSETCATALOG_COMPILER_APPICON_NAME = AppIcon;
				INFOPLIST_FILE = sparklines/Info.plist;
				LD_RUNPATH_SEARCH_PATHS = "$(inherited) @executable_path/Frameworks";
				PRODUCT_BUNDLE_IDENTIFIER = com.reveluxlabs.sparklines;
				PRODUCT_NAME = "$(TARGET_NAME)";
			};
			name = Debug;
		};
		D497E9BD1D6D1C37004CD872 /* Release */ = {
			isa = XCBuildConfiguration;
			buildSettings = {
				ASSETCATALOG_COMPILER_APPICON_NAME = AppIcon;
				INFOPLIST_FILE = sparklines/Info.plist;
				LD_RUNPATH_SEARCH_PATHS = "$(inherited) @executable_path/Frameworks";
				PRODUCT_BUNDLE_IDENTIFIER = com.reveluxlabs.sparklines;
				PRODUCT_NAME = "$(TARGET_NAME)";
			};
			name = Release;
		};
/* End XCBuildConfiguration section */

/* Begin XCConfigurationList section */
		D497E9A41D6D1C37004CD872 /* Build configuration list for PBXProject "sparklines" */ = {
			isa = XCConfigurationList;
			buildConfigurations = (
				D497E9B91D6D1C37004CD872 /* Debug */,
				D497E9BA1D6D1C37004CD872 /* Release */,
			);
			defaultConfigurationIsVisible = 0;
			defaultConfigurationName = Release;
		};
		D497E9BB1D6D1C37004CD872 /* Build configuration list for PBXNativeTarget "sparklines" */ = {
			isa = XCConfigurationList;
			buildConfigurations = (
				D497E9BC1D6D1C37004CD872 /* Debug */,
				D497E9BD1D6D1C37004CD872 /* Release */,
			);
			defaultConfigurationIsVisible = 0;
			defaultConfigurationName = Release;
		};
/* End XCConfigurationList section */
	};
	rootObject = D497E9A11D6D1C37004CD872 /* Project object */;
}
