// !$*UTF8*$!
{
	archiveVersion = 1;
	classes = {
	};
	objectVersion = 46;
	objects = {

/* Begin PBXBuildFile section */
		D4431F4F1D83390700792C58 /* AppDelegate.swift in Sources */ = {isa = PBXBuildFile; fileRef = D4431F4B1D83390700792C58 /* AppDelegate.swift */; };
		D4431F501D83390700792C58 /* LineSparkLineView.swift in Sources */ = {isa = PBXBuildFile; fileRef = D4431F4C1D83390700792C58 /* LineSparkLineView.swift */; };
		D4431F511D83390700792C58 /* ViewController.swift in Sources */ = {isa = PBXBuildFile; fileRef = D4431F4D1D83390700792C58 /* ViewController.swift */; };
		D4431F521D83390700792C58 /* WhiskerSparkLineView.swift in Sources */ = {isa = PBXBuildFile; fileRef = D4431F4E1D83390700792C58 /* WhiskerSparkLineView.swift */; };
		D4431F591D83392800792C58 /* baseball_data.txt in Resources */ = {isa = PBXBuildFile; fileRef = D4431F531D83392800792C58 /* baseball_data.txt */; };
		D4431F5A1D83392800792C58 /* glucose_data.txt in Resources */ = {isa = PBXBuildFile; fileRef = D4431F541D83392800792C58 /* glucose_data.txt */; };
		D4431F5B1D83392800792C58 /* heartRate_data.txt in Resources */ = {isa = PBXBuildFile; fileRef = D4431F551D83392800792C58 /* heartRate_data.txt */; };
		D4431F5C1D83392800792C58 /* temperature_data.txt in Resources */ = {isa = PBXBuildFile; fileRef = D4431F561D83392800792C58 /* temperature_data.txt */; };
		D4431F5D1D83392800792C58 /* test_whisker_1.txt in Resources */ = {isa = PBXBuildFile; fileRef = D4431F571D83392800792C58 /* test_whisker_1.txt */; };
		D4431F5E1D83392800792C58 /* test_whisker_10.txt in Resources */ = {isa = PBXBuildFile; fileRef = D4431F581D83392800792C58 /* test_whisker_10.txt */; };
		D4431F621D833DB500792C58 /* SparkLineDataSource.swift in Sources */ = {isa = PBXBuildFile; fileRef = D4431F5F1D833DB500792C58 /* SparkLineDataSource.swift */; };
		D4431F631D833DB500792C58 /* StreakDataSource.swift in Sources */ = {isa = PBXBuildFile; fileRef = D4431F601D833DB500792C58 /* StreakDataSource.swift */; };
		D4431F641D833DB500792C58 /* TestDataSource.swift in Sources */ = {isa = PBXBuildFile; fileRef = D4431F611D833DB500792C58 /* TestDataSource.swift */; };
		D4431F6E1D833E4B00792C58 /* LineSparkLine.swift in Sources */ = {isa = PBXBuildFile; fileRef = D4431F651D833E4B00792C58 /* LineSparkLine.swift */; };
		D4431F6F1D833E4B00792C58 /* LineSparkLinePlotter.swift in Sources */ = {isa = PBXBuildFile; fileRef = D4431F661D833E4B00792C58 /* LineSparkLinePlotter.swift */; };
		D4431F701D833E4B00792C58 /* PlotSpace.swift in Sources */ = {isa = PBXBuildFile; fileRef = D4431F671D833E4B00792C58 /* PlotSpace.swift */; };
		D4431F711D833E4B00792C58 /* Renderer.swift in Sources */ = {isa = PBXBuildFile; fileRef = D4431F681D833E4B00792C58 /* Renderer.swift */; };
		D4431F721D833E4B00792C58 /* SparkLineLabel.swift in Sources */ = {isa = PBXBuildFile; fileRef = D4431F691D833E4B00792C58 /* SparkLineLabel.swift */; };
		D4431F731D833E4B00792C58 /* SparkLinePlotter.swift in Sources */ = {isa = PBXBuildFile; fileRef = D4431F6A1D833E4B00792C58 /* SparkLinePlotter.swift */; };
		D4431F741D833E4B00792C58 /* TestRenderer.swift in Sources */ = {isa = PBXBuildFile; fileRef = D4431F6B1D833E4B00792C58 /* TestRenderer.swift */; };
		D4431F751D833E4B00792C58 /* WhiskerSparkLine.swift in Sources */ = {isa = PBXBuildFile; fileRef = D4431F6C1D833E4B00792C58 /* WhiskerSparkLine.swift */; };
		D4431F761D833E4B00792C58 /* WhiskerSparkLinePlotter.swift in Sources */ = {isa = PBXBuildFile; fileRef = D4431F6D1D833E4B00792C58 /* WhiskerSparkLinePlotter.swift */; };
		D45D73601D7EDBEF00C4531B /* SparklineTests.swift in Sources */ = {isa = PBXBuildFile; fileRef = D45D735F1D7EDBEF00C4531B /* SparklineTests.swift */; };
		D45D73921D7EE49600C4531B /* Cartfile.private in Resources */ = {isa = PBXBuildFile; fileRef = D45D73911D7EE49600C4531B /* Cartfile.private */; };
		D45D73961D7EEC3800C4531B /* Nimble.framework in Frameworks */ = {isa = PBXBuildFile; fileRef = D45D73951D7EEC3800C4531B /* Nimble.framework */; };
		D45D739D1D7F7E8600C4531B /* Nimble.framework in CopyFiles */ = {isa = PBXBuildFile; fileRef = D45D73951D7EEC3800C4531B /* Nimble.framework */; settings = {ATTRIBUTES = (CodeSignOnCopy, RemoveHeadersOnCopy, ); }; };
		D45D73A31D802FE700C4531B /* WhiskerSparkLineTests.swift in Sources */ = {isa = PBXBuildFile; fileRef = D45D73A21D802FE700C4531B /* WhiskerSparkLineTests.swift */; };
		D45D73A51D80315000C4531B /* Test.storyboard in Resources */ = {isa = PBXBuildFile; fileRef = D45D73A41D80315000C4531B /* Test.storyboard */; };
		D45D73A71D80C4E500C4531B /* PlotSpaceTests.swift in Sources */ = {isa = PBXBuildFile; fileRef = D45D73A61D80C4E500C4531B /* PlotSpaceTests.swift */; };
		D45D73A91D817D1700C4531B /* SparkLineLabelTests.swift in Sources */ = {isa = PBXBuildFile; fileRef = D45D73A81D817D1700C4531B /* SparkLineLabelTests.swift */; };
		D45D73B11D81A04900C4531B /* LineSparkLineTests.swift in Sources */ = {isa = PBXBuildFile; fileRef = D45D73B01D81A04900C4531B /* LineSparkLineTests.swift */; };
		D497E9B21D6D1C37004CD872 /* Main.storyboard in Resources */ = {isa = PBXBuildFile; fileRef = D497E9B01D6D1C37004CD872 /* Main.storyboard */; };
		D497E9B41D6D1C37004CD872 /* Assets.xcassets in Resources */ = {isa = PBXBuildFile; fileRef = D497E9B31D6D1C37004CD872 /* Assets.xcassets */; };
		D497E9B71D6D1C37004CD872 /* LaunchScreen.storyboard in Resources */ = {isa = PBXBuildFile; fileRef = D497E9B51D6D1C37004CD872 /* LaunchScreen.storyboard */; };
/* End PBXBuildFile section */

/* Begin PBXContainerItemProxy section */
		D45D73621D7EDBEF00C4531B /* PBXContainerItemProxy */ = {
			isa = PBXContainerItemProxy;
			containerPortal = D497E9A11D6D1C37004CD872 /* Project object */;
			proxyType = 1;
			remoteGlobalIDString = D497E9A81D6D1C37004CD872;
			remoteInfo = sparklines;
		};
/* End PBXContainerItemProxy section */

/* Begin PBXCopyFilesBuildPhase section */
		D45D739C1D7F7E5900C4531B /* CopyFiles */ = {
			isa = PBXCopyFilesBuildPhase;
			buildActionMask = 2147483647;
			dstPath = "";
			dstSubfolderSpec = 10;
			files = (
				D45D739D1D7F7E8600C4531B /* Nimble.framework in CopyFiles */,
			);
			runOnlyForDeploymentPostprocessing = 0;
		};
/* End PBXCopyFilesBuildPhase section */

/* Begin PBXFileReference section */
		D4431F4B1D83390700792C58 /* AppDelegate.swift */ = {isa = PBXFileReference; fileEncoding = 4; lastKnownFileType = sourcecode.swift; name = AppDelegate.swift; path = "Example App/AppDelegate.swift"; sourceTree = "<group>"; };
		D4431F4C1D83390700792C58 /* LineSparkLineView.swift */ = {isa = PBXFileReference; fileEncoding = 4; lastKnownFileType = sourcecode.swift; name = LineSparkLineView.swift; path = "Example App/LineSparkLineView.swift"; sourceTree = "<group>"; };
		D4431F4D1D83390700792C58 /* ViewController.swift */ = {isa = PBXFileReference; fileEncoding = 4; lastKnownFileType = sourcecode.swift; name = ViewController.swift; path = "Example App/ViewController.swift"; sourceTree = "<group>"; };
		D4431F4E1D83390700792C58 /* WhiskerSparkLineView.swift */ = {isa = PBXFileReference; fileEncoding = 4; lastKnownFileType = sourcecode.swift; name = WhiskerSparkLineView.swift; path = "Example App/WhiskerSparkLineView.swift"; sourceTree = "<group>"; };
		D4431F531D83392800792C58 /* baseball_data.txt */ = {isa = PBXFileReference; fileEncoding = 4; lastKnownFileType = text; name = baseball_data.txt; path = Data/baseball_data.txt; sourceTree = "<group>"; };
		D4431F541D83392800792C58 /* glucose_data.txt */ = {isa = PBXFileReference; fileEncoding = 4; lastKnownFileType = text; name = glucose_data.txt; path = Data/glucose_data.txt; sourceTree = "<group>"; };
		D4431F551D83392800792C58 /* heartRate_data.txt */ = {isa = PBXFileReference; fileEncoding = 4; lastKnownFileType = text; name = heartRate_data.txt; path = Data/heartRate_data.txt; sourceTree = "<group>"; };
		D4431F561D83392800792C58 /* temperature_data.txt */ = {isa = PBXFileReference; fileEncoding = 4; lastKnownFileType = text; name = temperature_data.txt; path = Data/temperature_data.txt; sourceTree = "<group>"; };
		D4431F571D83392800792C58 /* test_whisker_1.txt */ = {isa = PBXFileReference; fileEncoding = 4; lastKnownFileType = text; name = test_whisker_1.txt; path = Data/test_whisker_1.txt; sourceTree = "<group>"; };
		D4431F581D83392800792C58 /* test_whisker_10.txt */ = {isa = PBXFileReference; fileEncoding = 4; lastKnownFileType = text; name = test_whisker_10.txt; path = Data/test_whisker_10.txt; sourceTree = "<group>"; };
		D4431F5F1D833DB500792C58 /* SparkLineDataSource.swift */ = {isa = PBXFileReference; fileEncoding = 4; lastKnownFileType = sourcecode.swift; name = SparkLineDataSource.swift; path = "Data Sources/SparkLineDataSource.swift"; sourceTree = "<group>"; };
		D4431F601D833DB500792C58 /* StreakDataSource.swift */ = {isa = PBXFileReference; fileEncoding = 4; lastKnownFileType = sourcecode.swift; name = StreakDataSource.swift; path = "Data Sources/StreakDataSource.swift"; sourceTree = "<group>"; };
		D4431F611D833DB500792C58 /* TestDataSource.swift */ = {isa = PBXFileReference; fileEncoding = 4; lastKnownFileType = sourcecode.swift; name = TestDataSource.swift; path = "Data Sources/TestDataSource.swift"; sourceTree = "<group>"; };
		D4431F651D833E4B00792C58 /* LineSparkLine.swift */ = {isa = PBXFileReference; fileEncoding = 4; lastKnownFileType = sourcecode.swift; name = LineSparkLine.swift; path = "Sparkline Source/LineSparkLine.swift"; sourceTree = "<group>"; };
		D4431F661D833E4B00792C58 /* LineSparkLinePlotter.swift */ = {isa = PBXFileReference; fileEncoding = 4; lastKnownFileType = sourcecode.swift; name = LineSparkLinePlotter.swift; path = "Sparkline Source/LineSparkLinePlotter.swift"; sourceTree = "<group>"; };
		D4431F671D833E4B00792C58 /* PlotSpace.swift */ = {isa = PBXFileReference; fileEncoding = 4; lastKnownFileType = sourcecode.swift; name = PlotSpace.swift; path = "Sparkline Source/PlotSpace.swift"; sourceTree = "<group>"; };
		D4431F681D833E4B00792C58 /* Renderer.swift */ = {isa = PBXFileReference; fileEncoding = 4; lastKnownFileType = sourcecode.swift; name = Renderer.swift; path = "Sparkline Source/Renderer.swift"; sourceTree = "<group>"; };
		D4431F691D833E4B00792C58 /* SparkLineLabel.swift */ = {isa = PBXFileReference; fileEncoding = 4; lastKnownFileType = sourcecode.swift; name = SparkLineLabel.swift; path = "Sparkline Source/SparkLineLabel.swift"; sourceTree = "<group>"; };
		D4431F6A1D833E4B00792C58 /* SparkLinePlotter.swift */ = {isa = PBXFileReference; fileEncoding = 4; lastKnownFileType = sourcecode.swift; name = SparkLinePlotter.swift; path = "Sparkline Source/SparkLinePlotter.swift"; sourceTree = "<group>"; };
		D4431F6B1D833E4B00792C58 /* TestRenderer.swift */ = {isa = PBXFileReference; fileEncoding = 4; lastKnownFileType = sourcecode.swift; name = TestRenderer.swift; path = "Sparkline Source/TestRenderer.swift"; sourceTree = "<group>"; };
		D4431F6C1D833E4B00792C58 /* WhiskerSparkLine.swift */ = {isa = PBXFileReference; fileEncoding = 4; lastKnownFileType = sourcecode.swift; name = WhiskerSparkLine.swift; path = "Sparkline Source/WhiskerSparkLine.swift"; sourceTree = "<group>"; };
		D4431F6D1D833E4B00792C58 /* WhiskerSparkLinePlotter.swift */ = {isa = PBXFileReference; fileEncoding = 4; lastKnownFileType = sourcecode.swift; name = WhiskerSparkLinePlotter.swift; path = "Sparkline Source/WhiskerSparkLinePlotter.swift"; sourceTree = "<group>"; };
		D45D735D1D7EDBEF00C4531B /* SparklineTests.xctest */ = {isa = PBXFileReference; explicitFileType = wrapper.cfbundle; includeInIndex = 0; path = SparklineTests.xctest; sourceTree = BUILT_PRODUCTS_DIR; };
		D45D735F1D7EDBEF00C4531B /* SparklineTests.swift */ = {isa = PBXFileReference; lastKnownFileType = sourcecode.swift; path = SparklineTests.swift; sourceTree = "<group>"; };
		D45D73611D7EDBEF00C4531B /* Info.plist */ = {isa = PBXFileReference; lastKnownFileType = text.plist.xml; path = Info.plist; sourceTree = "<group>"; };
		D45D73911D7EE49600C4531B /* Cartfile.private */ = {isa = PBXFileReference; fileEncoding = 4; lastKnownFileType = text; path = Cartfile.private; sourceTree = "<group>"; };
		D45D73951D7EEC3800C4531B /* Nimble.framework */ = {isa = PBXFileReference; lastKnownFileType = wrapper.framework; name = Nimble.framework; path = sparklines/Carthage/Build/iOS/Nimble.framework; sourceTree = "<group>"; };
		D45D739E1D7F7FB400C4531B /* README.md */ = {isa = PBXFileReference; fileEncoding = 4; lastKnownFileType = net.daringfireball.markdown; path = README.md; sourceTree = "<group>"; };
		D45D73A21D802FE700C4531B /* WhiskerSparkLineTests.swift */ = {isa = PBXFileReference; fileEncoding = 4; lastKnownFileType = sourcecode.swift; path = WhiskerSparkLineTests.swift; sourceTree = "<group>"; };
		D45D73A41D80315000C4531B /* Test.storyboard */ = {isa = PBXFileReference; fileEncoding = 4; lastKnownFileType = file.storyboard; path = Test.storyboard; sourceTree = "<group>"; };
		D45D73A61D80C4E500C4531B /* PlotSpaceTests.swift */ = {isa = PBXFileReference; fileEncoding = 4; lastKnownFileType = sourcecode.swift; path = PlotSpaceTests.swift; sourceTree = "<group>"; };
		D45D73A81D817D1700C4531B /* SparkLineLabelTests.swift */ = {isa = PBXFileReference; fileEncoding = 4; lastKnownFileType = sourcecode.swift; path = SparkLineLabelTests.swift; sourceTree = "<group>"; };
		D45D73B01D81A04900C4531B /* LineSparkLineTests.swift */ = {isa = PBXFileReference; fileEncoding = 4; lastKnownFileType = sourcecode.swift; path = LineSparkLineTests.swift; sourceTree = "<group>"; };
		D497E9A91D6D1C37004CD872 /* sparklines.app */ = {isa = PBXFileReference; explicitFileType = wrapper.application; includeInIndex = 0; path = sparklines.app; sourceTree = BUILT_PRODUCTS_DIR; };
		D497E9B11D6D1C37004CD872 /* Base */ = {isa = PBXFileReference; lastKnownFileType = file.storyboard; name = Base; path = Base.lproj/Main.storyboard; sourceTree = "<group>"; };
		D497E9B31D6D1C37004CD872 /* Assets.xcassets */ = {isa = PBXFileReference; lastKnownFileType = folder.assetcatalog; path = Assets.xcassets; sourceTree = "<group>"; };
		D497E9B61D6D1C37004CD872 /* Base */ = {isa = PBXFileReference; lastKnownFileType = file.storyboard; name = Base; path = Base.lproj/LaunchScreen.storyboard; sourceTree = "<group>"; };
		D497E9B81D6D1C37004CD872 /* Info.plist */ = {isa = PBXFileReference; lastKnownFileType = text.plist.xml; path = Info.plist; sourceTree = "<group>"; };
/* End PBXFileReference section */

/* Begin PBXFrameworksBuildPhase section */
		D45D735A1D7EDBEF00C4531B /* Frameworks */ = {
			isa = PBXFrameworksBuildPhase;
			buildActionMask = 2147483647;
			files = (
				D45D73961D7EEC3800C4531B /* Nimble.framework in Frameworks */,
			);
			runOnlyForDeploymentPostprocessing = 0;
		};
		D497E9A61D6D1C37004CD872 /* Frameworks */ = {
			isa = PBXFrameworksBuildPhase;
			buildActionMask = 2147483647;
			files = (
			);
			runOnlyForDeploymentPostprocessing = 0;
		};
/* End PBXFrameworksBuildPhase section */

/* Begin PBXGroup section */
		D4431F421D82281000792C58 /* Example App */ = {
			isa = PBXGroup;
			children = (
				D4431F4B1D83390700792C58 /* AppDelegate.swift */,
				D4431F4C1D83390700792C58 /* LineSparkLineView.swift */,
				D4431F4D1D83390700792C58 /* ViewController.swift */,
				D4431F4E1D83390700792C58 /* WhiskerSparkLineView.swift */,
			);
			name = "Example App";
			sourceTree = "<group>";
		};
		D45D73401D79F2B700C4531B /* SparkLine Source */ = {
			isa = PBXGroup;
			children = (
				D4431F651D833E4B00792C58 /* LineSparkLine.swift */,
				D4431F661D833E4B00792C58 /* LineSparkLinePlotter.swift */,
				D4431F671D833E4B00792C58 /* PlotSpace.swift */,
				D4431F681D833E4B00792C58 /* Renderer.swift */,
				D4431F691D833E4B00792C58 /* SparkLineLabel.swift */,
				D4431F6A1D833E4B00792C58 /* SparkLinePlotter.swift */,
				D4431F6B1D833E4B00792C58 /* TestRenderer.swift */,
				D4431F6C1D833E4B00792C58 /* WhiskerSparkLine.swift */,
				D4431F6D1D833E4B00792C58 /* WhiskerSparkLinePlotter.swift */,
			);
			name = "SparkLine Source";
			sourceTree = "<group>";
		};
		D45D73411D79F2CE00C4531B /* Data Sources */ = {
			isa = PBXGroup;
			children = (
				D4431F5F1D833DB500792C58 /* SparkLineDataSource.swift */,
				D4431F601D833DB500792C58 /* StreakDataSource.swift */,
				D4431F611D833DB500792C58 /* TestDataSource.swift */,
			);
			name = "Data Sources";
			sourceTree = "<group>";
		};
		D45D73481D7E51E700C4531B /* data */ = {
			isa = PBXGroup;
			children = (
				D4431F531D83392800792C58 /* baseball_data.txt */,
				D4431F541D83392800792C58 /* glucose_data.txt */,
				D4431F551D83392800792C58 /* heartRate_data.txt */,
				D4431F561D83392800792C58 /* temperature_data.txt */,
				D4431F571D83392800792C58 /* test_whisker_1.txt */,
				D4431F581D83392800792C58 /* test_whisker_10.txt */,
			);
			name = data;
			sourceTree = "<group>";
		};
		D45D735E1D7EDBEF00C4531B /* SparklineTests */ = {
			isa = PBXGroup;
			children = (
				D45D735F1D7EDBEF00C4531B /* SparklineTests.swift */,
				D45D73A21D802FE700C4531B /* WhiskerSparkLineTests.swift */,
				D45D73B01D81A04900C4531B /* LineSparkLineTests.swift */,
				D45D73A61D80C4E500C4531B /* PlotSpaceTests.swift */,
				D45D73A81D817D1700C4531B /* SparkLineLabelTests.swift */,
				D45D73611D7EDBEF00C4531B /* Info.plist */,
			);
			path = SparklineTests;
			sourceTree = "<group>";
		};
		D497E9A01D6D1C37004CD872 = {
			isa = PBXGroup;
			children = (
				D45D73951D7EEC3800C4531B /* Nimble.framework */,
				D45D739E1D7F7FB400C4531B /* README.md */,
				D497E9AB1D6D1C37004CD872 /* sparklines */,
				D45D735E1D7EDBEF00C4531B /* SparklineTests */,
				D497E9AA1D6D1C37004CD872 /* Products */,
			);
			sourceTree = "<group>";
		};
		D497E9AA1D6D1C37004CD872 /* Products */ = {
			isa = PBXGroup;
			children = (
				D497E9A91D6D1C37004CD872 /* sparklines.app */,
				D45D735D1D7EDBEF00C4531B /* SparklineTests.xctest */,
			);
			name = Products;
			sourceTree = "<group>";
		};
		D497E9AB1D6D1C37004CD872 /* sparklines */ = {
			isa = PBXGroup;
			children = (
				D45D73911D7EE49600C4531B /* Cartfile.private */,
				D4431F421D82281000792C58 /* Example App */,
				D45D73401D79F2B700C4531B /* SparkLine Source */,
				D45D73411D79F2CE00C4531B /* Data Sources */,
				D497E9B01D6D1C37004CD872 /* Main.storyboard */,
				D45D73A41D80315000C4531B /* Test.storyboard */,
				D497E9B31D6D1C37004CD872 /* Assets.xcassets */,
				D497E9B51D6D1C37004CD872 /* LaunchScreen.storyboard */,
				D45D73481D7E51E700C4531B /* data */,
				D497E9B81D6D1C37004CD872 /* Info.plist */,
			);
			path = sparklines;
			sourceTree = "<group>";
		};
/* End PBXGroup section */

/* Begin PBXNativeTarget section */
		D45D735C1D7EDBEF00C4531B /* SparklineTests */ = {
			isa = PBXNativeTarget;
			buildConfigurationList = D45D73641D7EDBEF00C4531B /* Build configuration list for PBXNativeTarget "SparklineTests" */;
			buildPhases = (
				D45D73591D7EDBEF00C4531B /* Sources */,
				D45D735A1D7EDBEF00C4531B /* Frameworks */,
				D45D735B1D7EDBEF00C4531B /* Resources */,
				D45D739C1D7F7E5900C4531B /* CopyFiles */,
			);
			buildRules = (
			);
			dependencies = (
				D45D73631D7EDBEF00C4531B /* PBXTargetDependency */,
			);
			name = SparklineTests;
			productName = SparklineTests;
			productReference = D45D735D1D7EDBEF00C4531B /* SparklineTests.xctest */;
			productType = "com.apple.product-type.bundle.unit-test";
		};
		D497E9A81D6D1C37004CD872 /* sparklines */ = {
			isa = PBXNativeTarget;
			buildConfigurationList = D497E9BB1D6D1C37004CD872 /* Build configuration list for PBXNativeTarget "sparklines" */;
			buildPhases = (
				D497E9A51D6D1C37004CD872 /* Sources */,
				D497E9A61D6D1C37004CD872 /* Frameworks */,
				D497E9A71D6D1C37004CD872 /* Resources */,
			);
			buildRules = (
			);
			dependencies = (
			);
			name = sparklines;
			productName = sparklines;
			productReference = D497E9A91D6D1C37004CD872 /* sparklines.app */;
			productType = "com.apple.product-type.application";
		};
/* End PBXNativeTarget section */

/* Begin PBXProject section */
		D497E9A11D6D1C37004CD872 /* Project object */ = {
			isa = PBXProject;
			attributes = {
				LastSwiftUpdateCheck = 0730;
				LastUpgradeCheck = 0730;
				ORGANIZATIONNAME = "Revelux Labs LLC";
				TargetAttributes = {
					D45D735C1D7EDBEF00C4531B = {
						CreatedOnToolsVersion = 7.3.1;
						TestTargetID = D497E9A81D6D1C37004CD872;
					};
					D497E9A81D6D1C37004CD872 = {
						CreatedOnToolsVersion = 7.3.1;
						DevelopmentTeam = SWF4TFN485;
					};
				};
			};
			buildConfigurationList = D497E9A41D6D1C37004CD872 /* Build configuration list for PBXProject "sparklines" */;
			compatibilityVersion = "Xcode 3.2";
			developmentRegion = English;
			hasScannedForEncodings = 0;
			knownRegions = (
				en,
				Base,
			);
			mainGroup = D497E9A01D6D1C37004CD872;
			productRefGroup = D497E9AA1D6D1C37004CD872 /* Products */;
			projectDirPath = "";
			projectRoot = "";
			targets = (
				D497E9A81D6D1C37004CD872 /* sparklines */,
				D45D735C1D7EDBEF00C4531B /* SparklineTests */,
			);
		};
/* End PBXProject section */

/* Begin PBXResourcesBuildPhase section */
		D45D735B1D7EDBEF00C4531B /* Resources */ = {
			isa = PBXResourcesBuildPhase;
			buildActionMask = 2147483647;
			files = (
			);
			runOnlyForDeploymentPostprocessing = 0;
		};
		D497E9A71D6D1C37004CD872 /* Resources */ = {
			isa = PBXResourcesBuildPhase;
			buildActionMask = 2147483647;
			files = (
				D4431F5A1D83392800792C58 /* glucose_data.txt in Resources */,
				D497E9B71D6D1C37004CD872 /* LaunchScreen.storyboard in Resources */,
				D4431F5C1D83392800792C58 /* temperature_data.txt in Resources */,
				D4431F591D83392800792C58 /* baseball_data.txt in Resources */,
				D45D73921D7EE49600C4531B /* Cartfile.private in Resources */,
				D45D73A51D80315000C4531B /* Test.storyboard in Resources */,
				D497E9B41D6D1C37004CD872 /* Assets.xcassets in Resources */,
				D4431F5D1D83392800792C58 /* test_whisker_1.txt in Resources */,
				D4431F5B1D83392800792C58 /* heartRate_data.txt in Resources */,
				D497E9B21D6D1C37004CD872 /* Main.storyboard in Resources */,
				D4431F5E1D83392800792C58 /* test_whisker_10.txt in Resources */,
			);
			runOnlyForDeploymentPostprocessing = 0;
		};
/* End PBXResourcesBuildPhase section */

/* Begin PBXSourcesBuildPhase section */
		D45D73591D7EDBEF00C4531B /* Sources */ = {
			isa = PBXSourcesBuildPhase;
			buildActionMask = 2147483647;
			files = (
				D45D73A91D817D1700C4531B /* SparkLineLabelTests.swift in Sources */,
				D45D73A31D802FE700C4531B /* WhiskerSparkLineTests.swift in Sources */,
				D45D73A71D80C4E500C4531B /* PlotSpaceTests.swift in Sources */,
				D45D73601D7EDBEF00C4531B /* SparklineTests.swift in Sources */,
				D45D73B11D81A04900C4531B /* LineSparkLineTests.swift in Sources */,
			);
			runOnlyForDeploymentPostprocessing = 0;
		};
		D497E9A51D6D1C37004CD872 /* Sources */ = {
			isa = PBXSourcesBuildPhase;
			buildActionMask = 2147483647;
			files = (
				D4431F6F1D833E4B00792C58 /* LineSparkLinePlotter.swift in Sources */,
				D4431F511D83390700792C58 /* ViewController.swift in Sources */,
				D4431F721D833E4B00792C58 /* SparkLineLabel.swift in Sources */,
				D4431F731D833E4B00792C58 /* SparkLinePlotter.swift in Sources */,
				D4431F741D833E4B00792C58 /* TestRenderer.swift in Sources */,
				D4431F641D833DB500792C58 /* TestDataSource.swift in Sources */,
				D4431F631D833DB500792C58 /* StreakDataSource.swift in Sources */,
				D4431F761D833E4B00792C58 /* WhiskerSparkLinePlotter.swift in Sources */,
				D4431F621D833DB500792C58 /* SparkLineDataSource.swift in Sources */,
				D4431F711D833E4B00792C58 /* Renderer.swift in Sources */,
				D4431F501D83390700792C58 /* LineSparkLineView.swift in Sources */,
				D4431F701D833E4B00792C58 /* PlotSpace.swift in Sources */,
				D4431F751D833E4B00792C58 /* WhiskerSparkLine.swift in Sources */,
				D4431F6E1D833E4B00792C58 /* LineSparkLine.swift in Sources */,
				D4431F4F1D83390700792C58 /* AppDelegate.swift in Sources */,
				D4431F521D83390700792C58 /* WhiskerSparkLineView.swift in Sources */,
			);
			runOnlyForDeploymentPostprocessing = 0;
		};
/* End PBXSourcesBuildPhase section */

/* Begin PBXTargetDependency section */
		D45D73631D7EDBEF00C4531B /* PBXTargetDependency */ = {
			isa = PBXTargetDependency;
			target = D497E9A81D6D1C37004CD872 /* sparklines */;
			targetProxy = D45D73621D7EDBEF00C4531B /* PBXContainerItemProxy */;
		};
/* End PBXTargetDependency section */

/* Begin PBXVariantGroup section */
		D497E9B01D6D1C37004CD872 /* Main.storyboard */ = {
			isa = PBXVariantGroup;
			children = (
				D497E9B11D6D1C37004CD872 /* Base */,
			);
			name = Main.storyboard;
			sourceTree = "<group>";
		};
		D497E9B51D6D1C37004CD872 /* LaunchScreen.storyboard */ = {
			isa = PBXVariantGroup;
			children = (
				D497E9B61D6D1C37004CD872 /* Base */,
			);
			name = LaunchScreen.storyboard;
			sourceTree = "<group>";
		};
/* End PBXVariantGroup section */

/* Begin XCBuildConfiguration section */
		D45D73651D7EDBEF00C4531B /* Debug */ = {
			isa = XCBuildConfiguration;
			buildSettings = {
				BUNDLE_LOADER = "$(TEST_HOST)";
				FRAMEWORK_SEARCH_PATHS = (
					"$(inherited)",
					"$(PROJECT_DIR)/sparklines/Carthage/Build/iOS",
				);
				INFOPLIST_FILE = SparklineTests/Info.plist;
				LD_RUNPATH_SEARCH_PATHS = "$(inherited) @executable_path/Frameworks @loader_path/Frameworks";
				PRODUCT_BUNDLE_IDENTIFIER = com.reveluxlabs.SparklineTests;
				PRODUCT_NAME = "$(TARGET_NAME)";
				TEST_HOST = "$(BUILT_PRODUCTS_DIR)/sparklines.app/sparklines";
			};
			name = Debug;
		};
		D45D73661D7EDBEF00C4531B /* Release */ = {
			isa = XCBuildConfiguration;
			buildSettings = {
				BUNDLE_LOADER = "$(TEST_HOST)";
				FRAMEWORK_SEARCH_PATHS = (
					"$(inherited)",
					"$(PROJECT_DIR)/sparklines/Carthage/Build/iOS",
				);
				INFOPLIST_FILE = SparklineTests/Info.plist;
				LD_RUNPATH_SEARCH_PATHS = "$(inherited) @executable_path/Frameworks @loader_path/Frameworks";
				PRODUCT_BUNDLE_IDENTIFIER = com.reveluxlabs.SparklineTests;
				PRODUCT_NAME = "$(TARGET_NAME)";
				TEST_HOST = "$(BUILT_PRODUCTS_DIR)/sparklines.app/sparklines";
			};
			name = Release;
		};
		D497E9B91D6D1C37004CD872 /* Debug */ = {
			isa = XCBuildConfiguration;
			buildSettings = {
				ALWAYS_SEARCH_USER_PATHS = NO;
				CLANG_ANALYZER_NONNULL = YES;
				CLANG_CXX_LANGUAGE_STANDARD = "gnu++0x";
				CLANG_CXX_LIBRARY = "libc++";
				CLANG_ENABLE_MODULES = YES;
				CLANG_ENABLE_OBJC_ARC = YES;
				CLANG_WARN_BOOL_CONVERSION = YES;
				CLANG_WARN_CONSTANT_CONVERSION = YES;
				CLANG_WARN_DIRECT_OBJC_ISA_USAGE = YES_ERROR;
				CLANG_WARN_EMPTY_BODY = YES;
				CLANG_WARN_ENUM_CONVERSION = YES;
				CLANG_WARN_INT_CONVERSION = YES;
				CLANG_WARN_OBJC_ROOT_CLASS = YES_ERROR;
				CLANG_WARN_UNREACHABLE_CODE = YES;
				CLANG_WARN__DUPLICATE_METHOD_MATCH = YES;
				"CODE_SIGN_IDENTITY[sdk=iphoneos*]" = "iPhone Developer";
				COPY_PHASE_STRIP = NO;
				DEBUG_INFORMATION_FORMAT = dwarf;
				ENABLE_STRICT_OBJC_MSGSEND = YES;
				ENABLE_TESTABILITY = YES;
				GCC_C_LANGUAGE_STANDARD = gnu99;
				GCC_DYNAMIC_NO_PIC = NO;
				GCC_NO_COMMON_BLOCKS = YES;
				GCC_OPTIMIZATION_LEVEL = 0;
				GCC_PREPROCESSOR_DEFINITIONS = (
					"DEBUG=1",
					"$(inherited)",
				);
				GCC_WARN_64_TO_32_BIT_CONVERSION = YES;
				GCC_WARN_ABOUT_RETURN_TYPE = YES_ERROR;
				GCC_WARN_UNDECLARED_SELECTOR = YES;
				GCC_WARN_UNINITIALIZED_AUTOS = YES_AGGRESSIVE;
				GCC_WARN_UNUSED_FUNCTION = YES;
				GCC_WARN_UNUSED_VARIABLE = YES;
				IPHONEOS_DEPLOYMENT_TARGET = 9.3;
				MTL_ENABLE_DEBUG_INFO = YES;
				ONLY_ACTIVE_ARCH = YES;
				SDKROOT = iphoneos;
				SWIFT_OPTIMIZATION_LEVEL = "-Onone";
			};
			name = Debug;
		};
		D497E9BA1D6D1C37004CD872 /* Release */ = {
			isa = XCBuildConfiguration;
			buildSettings = {
				ALWAYS_SEARCH_USER_PATHS = NO;
				CLANG_ANALYZER_NONNULL = YES;
				CLANG_CXX_LANGUAGE_STANDARD = "gnu++0x";
				CLANG_CXX_LIBRARY = "libc++";
				CLANG_ENABLE_MODULES = YES;
				CLANG_ENABLE_OBJC_ARC = YES;
				CLANG_WARN_BOOL_CONVERSION = YES;
				CLANG_WARN_CONSTANT_CONVERSION = YES;
				CLANG_WARN_DIRECT_OBJC_ISA_USAGE = YES_ERROR;
				CLANG_WARN_EMPTY_BODY = YES;
				CLANG_WARN_ENUM_CONVERSION = YES;
				CLANG_WARN_INT_CONVERSION = YES;
				CLANG_WARN_OBJC_ROOT_CLASS = YES_ERROR;
				CLANG_WARN_UNREACHABLE_CODE = YES;
				CLANG_WARN__DUPLICATE_METHOD_MATCH = YES;
				"CODE_SIGN_IDENTITY[sdk=iphoneos*]" = "iPhone Developer";
				COPY_PHASE_STRIP = NO;
				DEBUG_INFORMATION_FORMAT = "dwarf-with-dsym";
				ENABLE_NS_ASSERTIONS = NO;
				ENABLE_STRICT_OBJC_MSGSEND = YES;
				GCC_C_LANGUAGE_STANDARD = gnu99;
				GCC_NO_COMMON_BLOCKS = YES;
				GCC_WARN_64_TO_32_BIT_CONVERSION = YES;
				GCC_WARN_ABOUT_RETURN_TYPE = YES_ERROR;
				GCC_WARN_UNDECLARED_SELECTOR = YES;
				GCC_WARN_UNINITIALIZED_AUTOS = YES_AGGRESSIVE;
				GCC_WARN_UNUSED_FUNCTION = YES;
				GCC_WARN_UNUSED_VARIABLE = YES;
				IPHONEOS_DEPLOYMENT_TARGET = 9.3;
				MTL_ENABLE_DEBUG_INFO = NO;
				SDKROOT = iphoneos;
				VALIDATE_PRODUCT = YES;
			};
			name = Release;
		};
		D497E9BC1D6D1C37004CD872 /* Debug */ = {
			isa = XCBuildConfiguration;
			buildSettings = {
				ASSETCATALOG_COMPILER_APPICON_NAME = AppIcon;
				CODE_SIGN_IDENTITY = "iPhone Developer";
				INFOPLIST_FILE = sparklines/Info.plist;
				LD_RUNPATH_SEARCH_PATHS = "$(inherited) @executable_path/Frameworks";
				PRODUCT_BUNDLE_IDENTIFIER = com.reveluxlabs.sparklines;
				PRODUCT_NAME = "$(TARGET_NAME)";
			};
			name = Debug;
		};
		D497E9BD1D6D1C37004CD872 /* Release */ = {
			isa = XCBuildConfiguration;
			buildSettings = {
				ASSETCATALOG_COMPILER_APPICON_NAME = AppIcon;
				CODE_SIGN_IDENTITY = "iPhone Developer";
				INFOPLIST_FILE = sparklines/Info.plist;
				LD_RUNPATH_SEARCH_PATHS = "$(inherited) @executable_path/Frameworks";
				PRODUCT_BUNDLE_IDENTIFIER = com.reveluxlabs.sparklines;
				PRODUCT_NAME = "$(TARGET_NAME)";
			};
			name = Release;
		};
/* End XCBuildConfiguration section */

/* Begin XCConfigurationList section */
		D45D73641D7EDBEF00C4531B /* Build configuration list for PBXNativeTarget "SparklineTests" */ = {
			isa = XCConfigurationList;
			buildConfigurations = (
				D45D73651D7EDBEF00C4531B /* Debug */,
				D45D73661D7EDBEF00C4531B /* Release */,
			);
			defaultConfigurationIsVisible = 0;
			defaultConfigurationName = Release;
		};
		D497E9A41D6D1C37004CD872 /* Build configuration list for PBXProject "sparklines" */ = {
			isa = XCConfigurationList;
			buildConfigurations = (
				D497E9B91D6D1C37004CD872 /* Debug */,
				D497E9BA1D6D1C37004CD872 /* Release */,
			);
			defaultConfigurationIsVisible = 0;
			defaultConfigurationName = Release;
		};
		D497E9BB1D6D1C37004CD872 /* Build configuration list for PBXNativeTarget "sparklines" */ = {
			isa = XCConfigurationList;
			buildConfigurations = (
				D497E9BC1D6D1C37004CD872 /* Debug */,
				D497E9BD1D6D1C37004CD872 /* Release */,
			);
			defaultConfigurationIsVisible = 0;
			defaultConfigurationName = Release;
		};
/* End XCConfigurationList section */
	};
	rootObject = D497E9A11D6D1C37004CD872 /* Project object */;
}
